
Microsoft Visual Studio Solution File, Format Version 12.00
# Visual Studio 15
VisualStudioVersion = 15.0.26124.0
MinimumVisualStudioVersion = 15.0.26124.0
Project("{2150E333-8FDC-42A3-9474-1A3956D46DE8}") = "src", "src", "{A06EA58F-8B3F-4579-987D-5E9C19049A6F}"
EndProject
Project("{FAE04EC0-301F-11D3-BF4B-00C04F79EFBC}") = "Humid", "src\Humid\Humid.csproj", "{5D47AC5C-A6BF-4B87-94A9-7B1B80F008BE}"
EndProject
Project("{FAE04EC0-301F-11D3-BF4B-00C04F79EFBC}") = "Humid.Middleware", "src\Humid.Middleware\Humid.Middleware.csproj", "{A9D7613A-E5AF-46B3-A045-910AAA74580D}"
EndProject
Project("{FAE04EC0-301F-11D3-BF4B-00C04F79EFBC}") = "Humid.Tests", "src\Humid.Tests\Humid.Tests.csproj", "{FFE562A2-CC51-4D58-BC82-A5F38449112A}"
EndProject
Project("{FAE04EC0-301F-11D3-BF4B-00C04F79EFBC}") = "Humid.SampleForMinimalAspnetcore", "src\Humid.SampleForMinimalAspnetcore\Humid.SampleForMinimalAspnetcore.csproj", "{9D8D7AAA-5FC4-48CD-98AB-98067EEB7B9E}"
EndProject
Global
	GlobalSection(SolutionConfigurationPlatforms) = preSolution
		Debug|Any CPU = Debug|Any CPU
		Debug|x64 = Debug|x64
		Debug|x86 = Debug|x86
		Release|Any CPU = Release|Any CPU
		Release|x64 = Release|x64
		Release|x86 = Release|x86
	EndGlobalSection
	GlobalSection(SolutionProperties) = preSolution
		HideSolutionNode = FALSE
	EndGlobalSection
	GlobalSection(ProjectConfigurationPlatforms) = postSolution
		{5D47AC5C-A6BF-4B87-94A9-7B1B80F008BE}.Debug|Any CPU.ActiveCfg = Debug|Any CPU
		{5D47AC5C-A6BF-4B87-94A9-7B1B80F008BE}.Debug|Any CPU.Build.0 = Debug|Any CPU
		{5D47AC5C-A6BF-4B87-94A9-7B1B80F008BE}.Debug|x64.ActiveCfg = Debug|Any CPU
		{5D47AC5C-A6BF-4B87-94A9-7B1B80F008BE}.Debug|x64.Build.0 = Debug|Any CPU
		{5D47AC5C-A6BF-4B87-94A9-7B1B80F008BE}.Debug|x86.ActiveCfg = Debug|Any CPU
		{5D47AC5C-A6BF-4B87-94A9-7B1B80F008BE}.Debug|x86.Build.0 = Debug|Any CPU
		{5D47AC5C-A6BF-4B87-94A9-7B1B80F008BE}.Release|Any CPU.ActiveCfg = Release|Any CPU
		{5D47AC5C-A6BF-4B87-94A9-7B1B80F008BE}.Release|Any CPU.Build.0 = Release|Any CPU
		{5D47AC5C-A6BF-4B87-94A9-7B1B80F008BE}.Release|x64.ActiveCfg = Release|Any CPU
		{5D47AC5C-A6BF-4B87-94A9-7B1B80F008BE}.Release|x64.Build.0 = Release|Any CPU
		{5D47AC5C-A6BF-4B87-94A9-7B1B80F008BE}.Release|x86.ActiveCfg = Release|Any CPU
		{5D47AC5C-A6BF-4B87-94A9-7B1B80F008BE}.Release|x86.Build.0 = Release|Any CPU
		{A9D7613A-E5AF-46B3-A045-910AAA74580D}.Debug|Any CPU.ActiveCfg = Debug|Any CPU
		{A9D7613A-E5AF-46B3-A045-910AAA74580D}.Debug|Any CPU.Build.0 = Debug|Any CPU
		{A9D7613A-E5AF-46B3-A045-910AAA74580D}.Debug|x64.ActiveCfg = Debug|Any CPU
		{A9D7613A-E5AF-46B3-A045-910AAA74580D}.Debug|x64.Build.0 = Debug|Any CPU
		{A9D7613A-E5AF-46B3-A045-910AAA74580D}.Debug|x86.ActiveCfg = Debug|Any CPU
		{A9D7613A-E5AF-46B3-A045-910AAA74580D}.Debug|x86.Build.0 = Debug|Any CPU
		{A9D7613A-E5AF-46B3-A045-910AAA74580D}.Release|Any CPU.ActiveCfg = Release|Any CPU
		{A9D7613A-E5AF-46B3-A045-910AAA74580D}.Release|Any CPU.Build.0 = Release|Any CPU
		{A9D7613A-E5AF-46B3-A045-910AAA74580D}.Release|x64.ActiveCfg = Release|Any CPU
		{A9D7613A-E5AF-46B3-A045-910AAA74580D}.Release|x64.Build.0 = Release|Any CPU
		{A9D7613A-E5AF-46B3-A045-910AAA74580D}.Release|x86.ActiveCfg = Release|Any CPU
		{A9D7613A-E5AF-46B3-A045-910AAA74580D}.Release|x86.Build.0 = Release|Any CPU
		{FFE562A2-CC51-4D58-BC82-A5F38449112A}.Debug|Any CPU.ActiveCfg = Debug|Any CPU
		{FFE562A2-CC51-4D58-BC82-A5F38449112A}.Debug|Any CPU.Build.0 = Debug|Any CPU
		{FFE562A2-CC51-4D58-BC82-A5F38449112A}.Debug|x64.ActiveCfg = Debug|Any CPU
		{FFE562A2-CC51-4D58-BC82-A5F38449112A}.Debug|x64.Build.0 = Debug|Any CPU
		{FFE562A2-CC51-4D58-BC82-A5F38449112A}.Debug|x86.ActiveCfg = Debug|Any CPU
		{FFE562A2-CC51-4D58-BC82-A5F38449112A}.Debug|x86.Build.0 = Debug|Any CPU
		{FFE562A2-CC51-4D58-BC82-A5F38449112A}.Release|Any CPU.ActiveCfg = Release|Any CPU
		{FFE562A2-CC51-4D58-BC82-A5F38449112A}.Release|Any CPU.Build.0 = Release|Any CPU
		{FFE562A2-CC51-4D58-BC82-A5F38449112A}.Release|x64.ActiveCfg = Release|Any CPU
		{FFE562A2-CC51-4D58-BC82-A5F38449112A}.Release|x64.Build.0 = Release|Any CPU
		{FFE562A2-CC51-4D58-BC82-A5F38449112A}.Release|x86.ActiveCfg = Release|Any CPU
		{FFE562A2-CC51-4D58-BC82-A5F38449112A}.Release|x86.Build.0 = Release|Any CPU
		{9D8D7AAA-5FC4-48CD-98AB-98067EEB7B9E}.Debug|Any CPU.ActiveCfg = Debug|Any CPU
		{9D8D7AAA-5FC4-48CD-98AB-98067EEB7B9E}.Debug|Any CPU.Build.0 = Debug|Any CPU
		{9D8D7AAA-5FC4-48CD-98AB-98067EEB7B9E}.Debug|x64.ActiveCfg = Debug|Any CPU
		{9D8D7AAA-5FC4-48CD-98AB-98067EEB7B9E}.Debug|x64.Build.0 = Debug|Any CPU
		{9D8D7AAA-5FC4-48CD-98AB-98067EEB7B9E}.Debug|x86.ActiveCfg = Debug|Any CPU
		{9D8D7AAA-5FC4-48CD-98AB-98067EEB7B9E}.Debug|x86.Build.0 = Debug|Any CPU
		{9D8D7AAA-5FC4-48CD-98AB-98067EEB7B9E}.Release|Any CPU.ActiveCfg = Release|Any CPU
		{9D8D7AAA-5FC4-48CD-98AB-98067EEB7B9E}.Release|Any CPU.Build.0 = Release|Any CPU
		{9D8D7AAA-5FC4-48CD-98AB-98067EEB7B9E}.Release|x64.ActiveCfg = Release|Any CPU
		{9D8D7AAA-5FC4-48CD-98AB-98067EEB7B9E}.Release|x64.Build.0 = Release|Any CPU
		{9D8D7AAA-5FC4-48CD-98AB-98067EEB7B9E}.Release|x86.ActiveCfg = Release|Any CPU
		{9D8D7AAA-5FC4-48CD-98AB-98067EEB7B9E}.Release|x86.Build.0 = Release|Any CPU
	EndGlobalSection
	GlobalSection(NestedProjects) = preSolution
		{5D47AC5C-A6BF-4B87-94A9-7B1B80F008BE} = {A06EA58F-8B3F-4579-987D-5E9C19049A6F}
		{A9D7613A-E5AF-46B3-A045-910AAA74580D} = {A06EA58F-8B3F-4579-987D-5E9C19049A6F}
		{FFE562A2-CC51-4D58-BC82-A5F38449112A} = {A06EA58F-8B3F-4579-987D-5E9C19049A6F}
		{9D8D7AAA-5FC4-48CD-98AB-98067EEB7B9E} = {A06EA58F-8B3F-4579-987D-5E9C19049A6F}
	EndGlobalSection
EndGlobal
